
Microsoft Visual Studio Solution File, Format Version 11.00
# Visual Studio 2010
Project("{FAE04EC0-301F-11D3-BF4B-00C04F79EFBC}") = "EventDrivenApp", "EventDrivenApp\EventDrivenApp.csproj", "{9FC25E6B-6B49-473F-8D4D-0DAB2A342DA1}"
EndProject
Global
	GlobalSection(SolutionConfigurationPlatforms) = preSolution
		Debug|x86 = Debug|x86
		Release|x86 = Release|x86
	EndGlobalSection
	GlobalSection(ProjectConfigurationPlatforms) = postSolution
		{9FC25E6B-6B49-473F-8D4D-0DAB2A342DA1}.Debug|x86.ActiveCfg = Debug|x86
		{9FC25E6B-6B49-473F-8D4D-0DAB2A342DA1}.Debug|x86.Build.0 = Debug|x86
		{9FC25E6B-6B49-473F-8D4D-0DAB2A342DA1}.Release|x86.ActiveCfg = Release|x86
		{9FC25E6B-6B49-473F-8D4D-0DAB2A342DA1}.Release|x86.Build.0 = Release|x86
	EndGlobalSection
	GlobalSection(SolutionProperties) = preSolution
		HideSolutionNode = FALSE
	EndGlobalSection
EndGlobal
